
Microsoft Visual Studio Solution File, Format Version 12.00
# Visual Studio Version 16
VisualStudioVersion = 16.0.29613.14
MinimumVisualStudioVersion = 10.0.40219.1
Project("{FAE04EC0-301F-11D3-BF4B-00C04F79EFBC}") = "paschbookie", "paschbookie\paschbookie.csproj", "{57627540-BDC5-48BD-92B4-B47144D55793}"
EndProject
Global
	GlobalSection(SolutionConfigurationPlatforms) = preSolution
		Debug|Any CPU = Debug|Any CPU
		Release|Any CPU = Release|Any CPU
	EndGlobalSection
	GlobalSection(ProjectConfigurationPlatforms) = postSolution
		{57627540-BDC5-48BD-92B4-B47144D55793}.Debug|Any CPU.ActiveCfg = Debug|Any CPU
		{57627540-BDC5-48BD-92B4-B47144D55793}.Debug|Any CPU.Build.0 = Debug|Any CPU
		{57627540-BDC5-48BD-92B4-B47144D55793}.Release|Any CPU.ActiveCfg = Release|Any CPU
		{57627540-BDC5-48BD-92B4-B47144D55793}.Release|Any CPU.Build.0 = Release|Any CPU
	EndGlobalSection
	GlobalSection(SolutionProperties) = preSolution
		HideSolutionNode = FALSE
	EndGlobalSection
	GlobalSection(ExtensibilityGlobals) = postSolution
		SolutionGuid = {D63E3182-7CAE-4A06-A361-80F49539287F}
	EndGlobalSection
EndGlobal
